// !$*UTF8*$!
{
	archiveVersion = 1;
	classes = {
	};
	objectVersion = 77;
	objects = {

/* Begin PBXBuildFile section */
		49054F782DDD803600607211 /* unity-menu in Embed Command Line Tool */ = {isa = PBXBuildFile; fileRef = 49FF864F2D9CA81700BDBA45 /* unity-menu */; settings = {ATTRIBUTES = (CodeSignOnCopy, ); }; };
		495FBE7C2DDAE14B00B16D6B /* KeyboardShortcuts in Frameworks */ = {isa = PBXBuildFile; productRef = 495FBE7B2DDAE14B00B16D6B /* KeyboardShortcuts */; };
		49FF865C2D9CAFBD00BDBA45 /* ArgumentParser in Frameworks */ = {isa = PBXBuildFile; productRef = 49FF865B2D9CAFBD00BDBA45 /* ArgumentParser */; };
/* End PBXBuildFile section */

/* Begin PBXContainerItemProxy section */
		49054F752DDD7FEC00607211 /* PBXContainerItemProxy */ = {
			isa = PBXContainerItemProxy;
			containerPortal = 4934F7172D94E6DB00E4DE9D /* Project object */;
			proxyType = 1;
			remoteGlobalIDString = 49FF864E2D9CA81700BDBA45;
			remoteInfo = "unity-menu";
		};
/* End PBXContainerItemProxy section */

/* Begin PBXCopyFilesBuildPhase section */
		49054F772DDD802000607211 /* Embed Command Line Tool */ = {
			isa = PBXCopyFilesBuildPhase;
			buildActionMask = 2147483647;
			dstPath = "";
			dstSubfolderSpec = 6;
			files = (
				49054F782DDD803600607211 /* unity-menu in Embed Command Line Tool */,
			);
			name = "Embed Command Line Tool";
			runOnlyForDeploymentPostprocessing = 0;
		};
		49FF864D2D9CA81700BDBA45 /* CopyFiles */ = {
			isa = PBXCopyFilesBuildPhase;
			buildActionMask = 2147483647;
			dstPath = /usr/share/man/man1/;
			dstSubfolderSpec = 0;
			files = (
			);
			runOnlyForDeploymentPostprocessing = 1;
		};
/* End PBXCopyFilesBuildPhase section */

/* Begin PBXFileReference section */
		4934F71F2D94E6DB00E4DE9D /* Unity Menu.app */ = {isa = PBXFileReference; explicitFileType = wrapper.application; includeInIndex = 0; path = "Unity Menu.app"; sourceTree = BUILT_PRODUCTS_DIR; };
		49FF864F2D9CA81700BDBA45 /* unity-menu */ = {isa = PBXFileReference; explicitFileType = "compiled.mach-o.executable"; includeInIndex = 0; path = "unity-menu"; sourceTree = BUILT_PRODUCTS_DIR; };
/* End PBXFileReference section */

/* Begin PBXFileSystemSynchronizedBuildFileExceptionSet section */
		49FF86562D9CA8A300BDBA45 /* Exceptions for "Unity Menu CLI" folder in "Unity Menu" target */ = {
			isa = PBXFileSystemSynchronizedBuildFileExceptionSet;
			membershipExceptions = (
				ProcessStatus.swift,
				Unity.swift,
			);
			target = 4934F71E2D94E6DB00E4DE9D /* Unity Menu */;
		};
/* End PBXFileSystemSynchronizedBuildFileExceptionSet section */

/* Begin PBXFileSystemSynchronizedRootGroup section */
		4934F7212D94E6DB00E4DE9D /* Unity Menu */ = {
			isa = PBXFileSystemSynchronizedRootGroup;
			path = "Unity Menu";
			sourceTree = "<group>";
		};
		49FF86502D9CA81700BDBA45 /* Unity Menu CLI */ = {
			isa = PBXFileSystemSynchronizedRootGroup;
			exceptions = (
				49FF86562D9CA8A300BDBA45 /* Exceptions for "Unity Menu CLI" folder in "Unity Menu" target */,
			);
			path = "Unity Menu CLI";
			sourceTree = "<group>";
		};
/* End PBXFileSystemSynchronizedRootGroup section */

/* Begin PBXFrameworksBuildPhase section */
		4934F71C2D94E6DB00E4DE9D /* Frameworks */ = {
			isa = PBXFrameworksBuildPhase;
			buildActionMask = 2147483647;
			files = (
				495FBE7C2DDAE14B00B16D6B /* KeyboardShortcuts in Frameworks */,
			);
			runOnlyForDeploymentPostprocessing = 0;
		};
		49FF864C2D9CA81700BDBA45 /* Frameworks */ = {
			isa = PBXFrameworksBuildPhase;
			buildActionMask = 2147483647;
			files = (
				49FF865C2D9CAFBD00BDBA45 /* ArgumentParser in Frameworks */,
			);
			runOnlyForDeploymentPostprocessing = 0;
		};
/* End PBXFrameworksBuildPhase section */

/* Begin PBXGroup section */
		4934F7162D94E6DB00E4DE9D = {
			isa = PBXGroup;
			children = (
				4934F7212D94E6DB00E4DE9D /* Unity Menu */,
				49FF86502D9CA81700BDBA45 /* Unity Menu CLI */,
				4934F7202D94E6DB00E4DE9D /* Products */,
			);
			sourceTree = "<group>";
		};
		4934F7202D94E6DB00E4DE9D /* Products */ = {
			isa = PBXGroup;
			children = (
				4934F71F2D94E6DB00E4DE9D /* Unity Menu.app */,
				49FF864F2D9CA81700BDBA45 /* unity-menu */,
			);
			name = Products;
			sourceTree = "<group>";
		};
/* End PBXGroup section */

/* Begin PBXNativeTarget section */
		4934F71E2D94E6DB00E4DE9D /* Unity Menu */ = {
			isa = PBXNativeTarget;
			buildConfigurationList = 4934F72E2D94E6DD00E4DE9D /* Build configuration list for PBXNativeTarget "Unity Menu" */;
			buildPhases = (
				4934F71B2D94E6DB00E4DE9D /* Sources */,
				4934F71C2D94E6DB00E4DE9D /* Frameworks */,
				4934F71D2D94E6DB00E4DE9D /* Resources */,
				49054F772DDD802000607211 /* Embed Command Line Tool */,
			);
			buildRules = (
			);
			dependencies = (
				49054F762DDD7FEC00607211 /* PBXTargetDependency */,
			);
			fileSystemSynchronizedGroups = (
				4934F7212D94E6DB00E4DE9D /* Unity Menu */,
			);
			name = "Unity Menu";
			packageProductDependencies = (
				495FBE7B2DDAE14B00B16D6B /* KeyboardShortcuts */,
			);
			productName = "Unity Menu";
			productReference = 4934F71F2D94E6DB00E4DE9D /* Unity Menu.app */;
			productType = "com.apple.product-type.application";
		};
		49FF864E2D9CA81700BDBA45 /* unity-menu */ = {
			isa = PBXNativeTarget;
			buildConfigurationList = 49FF86552D9CA81700BDBA45 /* Build configuration list for PBXNativeTarget "unity-menu" */;
			buildPhases = (
				49FF864B2D9CA81700BDBA45 /* Sources */,
				49FF864C2D9CA81700BDBA45 /* Frameworks */,
				49FF864D2D9CA81700BDBA45 /* CopyFiles */,
			);
			buildRules = (
			);
			dependencies = (
			);
			fileSystemSynchronizedGroups = (
				49FF86502D9CA81700BDBA45 /* Unity Menu CLI */,
			);
			name = "unity-menu";
			packageProductDependencies = (
				49FF865B2D9CAFBD00BDBA45 /* ArgumentParser */,
			);
			productName = "Unity Menu CLI";
			productReference = 49FF864F2D9CA81700BDBA45 /* unity-menu */;
			productType = "com.apple.product-type.tool";
		};
/* End PBXNativeTarget section */

/* Begin PBXProject section */
		4934F7172D94E6DB00E4DE9D /* Project object */ = {
			isa = PBXProject;
			attributes = {
				BuildIndependentTargetsInParallel = 1;
				LastSwiftUpdateCheck = 1620;
				LastUpgradeCheck = 1620;
				TargetAttributes = {
					4934F71E2D94E6DB00E4DE9D = {
						CreatedOnToolsVersion = 16.2;
					};
					49FF864E2D9CA81700BDBA45 = {
						CreatedOnToolsVersion = 16.2;
					};
				};
			};
			buildConfigurationList = 4934F71A2D94E6DB00E4DE9D /* Build configuration list for PBXProject "Unity Menu" */;
			developmentRegion = en;
			hasScannedForEncodings = 0;
			knownRegions = (
				en,
				Base,
			);
			mainGroup = 4934F7162D94E6DB00E4DE9D;
			minimizedProjectReferenceProxies = 1;
			packageReferences = (
				49FF865A2D9CAFBD00BDBA45 /* XCRemoteSwiftPackageReference "swift-argument-parser" */,
				495FBE7A2DDAE14B00B16D6B /* XCRemoteSwiftPackageReference "KeyboardShortcuts" */,
			);
			preferredProjectObjectVersion = 77;
			productRefGroup = 4934F7202D94E6DB00E4DE9D /* Products */;
			projectDirPath = "";
			projectRoot = "";
			targets = (
				4934F71E2D94E6DB00E4DE9D /* Unity Menu */,
				49FF864E2D9CA81700BDBA45 /* unity-menu */,
			);
		};
/* End PBXProject section */

/* Begin PBXResourcesBuildPhase section */
		4934F71D2D94E6DB00E4DE9D /* Resources */ = {
			isa = PBXResourcesBuildPhase;
			buildActionMask = 2147483647;
			files = (
			);
			runOnlyForDeploymentPostprocessing = 0;
		};
/* End PBXResourcesBuildPhase section */

/* Begin PBXSourcesBuildPhase section */
		4934F71B2D94E6DB00E4DE9D /* Sources */ = {
			isa = PBXSourcesBuildPhase;
			buildActionMask = 2147483647;
			files = (
			);
			runOnlyForDeploymentPostprocessing = 0;
		};
		49FF864B2D9CA81700BDBA45 /* Sources */ = {
			isa = PBXSourcesBuildPhase;
			buildActionMask = 2147483647;
			files = (
			);
			runOnlyForDeploymentPostprocessing = 0;
		};
/* End PBXSourcesBuildPhase section */

/* Begin PBXTargetDependency section */
		49054F762DDD7FEC00607211 /* PBXTargetDependency */ = {
			isa = PBXTargetDependency;
			target = 49FF864E2D9CA81700BDBA45 /* unity-menu */;
			targetProxy = 49054F752DDD7FEC00607211 /* PBXContainerItemProxy */;
		};
/* End PBXTargetDependency section */

/* Begin XCBuildConfiguration section */
		4934F72C2D94E6DD00E4DE9D /* Debug */ = {
			isa = XCBuildConfiguration;
			buildSettings = {
				ALWAYS_SEARCH_USER_PATHS = NO;
				ASSETCATALOG_COMPILER_GENERATE_SWIFT_ASSET_SYMBOL_EXTENSIONS = YES;
				CLANG_ANALYZER_NONNULL = YES;
				CLANG_ANALYZER_NUMBER_OBJECT_CONVERSION = YES_AGGRESSIVE;
				CLANG_CXX_LANGUAGE_STANDARD = "gnu++20";
				CLANG_ENABLE_MODULES = YES;
				CLANG_ENABLE_OBJC_ARC = YES;
				CLANG_ENABLE_OBJC_WEAK = YES;
				CLANG_WARN_BLOCK_CAPTURE_AUTORELEASING = YES;
				CLANG_WARN_BOOL_CONVERSION = YES;
				CLANG_WARN_COMMA = YES;
				CLANG_WARN_CONSTANT_CONVERSION = YES;
				CLANG_WARN_DEPRECATED_OBJC_IMPLEMENTATIONS = YES;
				CLANG_WARN_DIRECT_OBJC_ISA_USAGE = YES_ERROR;
				CLANG_WARN_DOCUMENTATION_COMMENTS = YES;
				CLANG_WARN_EMPTY_BODY = YES;
				CLANG_WARN_ENUM_CONVERSION = YES;
				CLANG_WARN_INFINITE_RECURSION = YES;
				CLANG_WARN_INT_CONVERSION = YES;
				CLANG_WARN_NON_LITERAL_NULL_CONVERSION = YES;
				CLANG_WARN_OBJC_IMPLICIT_RETAIN_SELF = YES;
				CLANG_WARN_OBJC_LITERAL_CONVERSION = YES;
				CLANG_WARN_OBJC_ROOT_CLASS = YES_ERROR;
				CLANG_WARN_QUOTED_INCLUDE_IN_FRAMEWORK_HEADER = YES;
				CLANG_WARN_RANGE_LOOP_ANALYSIS = YES;
				CLANG_WARN_STRICT_PROTOTYPES = YES;
				CLANG_WARN_SUSPICIOUS_MOVE = YES;
				CLANG_WARN_UNGUARDED_AVAILABILITY = YES_AGGRESSIVE;
				CLANG_WARN_UNREACHABLE_CODE = YES;
				CLANG_WARN__DUPLICATE_METHOD_MATCH = YES;
				COPY_PHASE_STRIP = NO;
				DEBUG_INFORMATION_FORMAT = dwarf;
				ENABLE_STRICT_OBJC_MSGSEND = YES;
				ENABLE_TESTABILITY = YES;
				ENABLE_USER_SCRIPT_SANDBOXING = YES;
				GCC_C_LANGUAGE_STANDARD = gnu17;
				GCC_DYNAMIC_NO_PIC = NO;
				GCC_NO_COMMON_BLOCKS = YES;
				GCC_OPTIMIZATION_LEVEL = 0;
				GCC_PREPROCESSOR_DEFINITIONS = (
					"DEBUG=1",
					"$(inherited)",
				);
				GCC_WARN_64_TO_32_BIT_CONVERSION = YES;
				GCC_WARN_ABOUT_RETURN_TYPE = YES_ERROR;
				GCC_WARN_UNDECLARED_SELECTOR = YES;
				GCC_WARN_UNINITIALIZED_AUTOS = YES_AGGRESSIVE;
				GCC_WARN_UNUSED_FUNCTION = YES;
				GCC_WARN_UNUSED_VARIABLE = YES;
				LOCALIZATION_PREFERS_STRING_CATALOGS = YES;
				MACOSX_DEPLOYMENT_TARGET = 15.2;
				MTL_ENABLE_DEBUG_INFO = INCLUDE_SOURCE;
				MTL_FAST_MATH = YES;
				ONLY_ACTIVE_ARCH = YES;
				SDKROOT = macosx;
				SWIFT_ACTIVE_COMPILATION_CONDITIONS = "DEBUG $(inherited)";
				SWIFT_OPTIMIZATION_LEVEL = "-Onone";
			};
			name = Debug;
		};
		4934F72D2D94E6DD00E4DE9D /* Release */ = {
			isa = XCBuildConfiguration;
			buildSettings = {
				ALWAYS_SEARCH_USER_PATHS = NO;
				ASSETCATALOG_COMPILER_GENERATE_SWIFT_ASSET_SYMBOL_EXTENSIONS = YES;
				CLANG_ANALYZER_NONNULL = YES;
				CLANG_ANALYZER_NUMBER_OBJECT_CONVERSION = YES_AGGRESSIVE;
				CLANG_CXX_LANGUAGE_STANDARD = "gnu++20";
				CLANG_ENABLE_MODULES = YES;
				CLANG_ENABLE_OBJC_ARC = YES;
				CLANG_ENABLE_OBJC_WEAK = YES;
				CLANG_WARN_BLOCK_CAPTURE_AUTORELEASING = YES;
				CLANG_WARN_BOOL_CONVERSION = YES;
				CLANG_WARN_COMMA = YES;
				CLANG_WARN_CONSTANT_CONVERSION = YES;
				CLANG_WARN_DEPRECATED_OBJC_IMPLEMENTATIONS = YES;
				CLANG_WARN_DIRECT_OBJC_ISA_USAGE = YES_ERROR;
				CLANG_WARN_DOCUMENTATION_COMMENTS = YES;
				CLANG_WARN_EMPTY_BODY = YES;
				CLANG_WARN_ENUM_CONVERSION = YES;
				CLANG_WARN_INFINITE_RECURSION = YES;
				CLANG_WARN_INT_CONVERSION = YES;
				CLANG_WARN_NON_LITERAL_NULL_CONVERSION = YES;
				CLANG_WARN_OBJC_IMPLICIT_RETAIN_SELF = YES;
				CLANG_WARN_OBJC_LITERAL_CONVERSION = YES;
				CLANG_WARN_OBJC_ROOT_CLASS = YES_ERROR;
				CLANG_WARN_QUOTED_INCLUDE_IN_FRAMEWORK_HEADER = YES;
				CLANG_WARN_RANGE_LOOP_ANALYSIS = YES;
				CLANG_WARN_STRICT_PROTOTYPES = YES;
				CLANG_WARN_SUSPICIOUS_MOVE = YES;
				CLANG_WARN_UNGUARDED_AVAILABILITY = YES_AGGRESSIVE;
				CLANG_WARN_UNREACHABLE_CODE = YES;
				CLANG_WARN__DUPLICATE_METHOD_MATCH = YES;
				COPY_PHASE_STRIP = NO;
				DEBUG_INFORMATION_FORMAT = "dwarf-with-dsym";
				ENABLE_NS_ASSERTIONS = NO;
				ENABLE_STRICT_OBJC_MSGSEND = YES;
				ENABLE_USER_SCRIPT_SANDBOXING = YES;
				GCC_C_LANGUAGE_STANDARD = gnu17;
				GCC_NO_COMMON_BLOCKS = YES;
				GCC_WARN_64_TO_32_BIT_CONVERSION = YES;
				GCC_WARN_ABOUT_RETURN_TYPE = YES_ERROR;
				GCC_WARN_UNDECLARED_SELECTOR = YES;
				GCC_WARN_UNINITIALIZED_AUTOS = YES_AGGRESSIVE;
				GCC_WARN_UNUSED_FUNCTION = YES;
				GCC_WARN_UNUSED_VARIABLE = YES;
				LOCALIZATION_PREFERS_STRING_CATALOGS = YES;
				MACOSX_DEPLOYMENT_TARGET = 15.2;
				MTL_ENABLE_DEBUG_INFO = NO;
				MTL_FAST_MATH = YES;
				SDKROOT = macosx;
				SWIFT_COMPILATION_MODE = wholemodule;
			};
			name = Release;
		};
		4934F72F2D94E6DD00E4DE9D /* Debug */ = {
			isa = XCBuildConfiguration;
			buildSettings = {
				ASSETCATALOG_COMPILER_APPICON_NAME = AppIcon;
				ASSETCATALOG_COMPILER_GLOBAL_ACCENT_COLOR_NAME = AccentColor;
				CODE_SIGN_ENTITLEMENTS = "Unity Menu/Unity_Menu.entitlements";
				CODE_SIGN_STYLE = Automatic;
				COMBINE_HIDPI_IMAGES = YES;
				CURRENT_PROJECT_VERSION = 1;
				DEVELOPMENT_TEAM = VR7RV46LA2;
				ENABLE_HARDENED_RUNTIME = YES;
				GENERATE_INFOPLIST_FILE = YES;
				INFOPLIST_KEY_LSApplicationCategoryType = "public.app-category.developer-tools";
				INFOPLIST_KEY_LSUIElement = YES;
				INFOPLIST_KEY_NSHumanReadableCopyright = "";
				INFOPLIST_KEY_NSMainStoryboardFile = Main;
				INFOPLIST_KEY_NSPrincipalClass = NSApplication;
				LD_RUNPATH_SEARCH_PATHS = (
					"$(inherited)",
					"@executable_path/../Frameworks",
				);
				MARKETING_VERSION = 1.0;
				PRODUCT_BUNDLE_IDENTIFIER = com.matthewminer.UnityMenu;
				PRODUCT_NAME = "$(TARGET_NAME)";
				SWIFT_EMIT_LOC_STRINGS = YES;
				SWIFT_VERSION = 5.0;
			};
			name = Debug;
		};
		4934F7302D94E6DD00E4DE9D /* Release */ = {
			isa = XCBuildConfiguration;
			buildSettings = {
				ASSETCATALOG_COMPILER_APPICON_NAME = AppIcon;
				ASSETCATALOG_COMPILER_GLOBAL_ACCENT_COLOR_NAME = AccentColor;
				CODE_SIGN_ENTITLEMENTS = "Unity Menu/Unity_Menu.entitlements";
				CODE_SIGN_STYLE = Automatic;
				COMBINE_HIDPI_IMAGES = YES;
				CURRENT_PROJECT_VERSION = 1;
				DEVELOPMENT_TEAM = VR7RV46LA2;
				ENABLE_HARDENED_RUNTIME = YES;
				GENERATE_INFOPLIST_FILE = YES;
				INFOPLIST_KEY_LSApplicationCategoryType = "public.app-category.developer-tools";
				INFOPLIST_KEY_LSUIElement = YES;
				INFOPLIST_KEY_NSHumanReadableCopyright = "";
				INFOPLIST_KEY_NSMainStoryboardFile = Main;
				INFOPLIST_KEY_NSPrincipalClass = NSApplication;
				LD_RUNPATH_SEARCH_PATHS = (
					"$(inherited)",
					"@executable_path/../Frameworks",
				);
				MARKETING_VERSION = 1.0;
				PRODUCT_BUNDLE_IDENTIFIER = com.matthewminer.UnityMenu;
				PRODUCT_NAME = "$(TARGET_NAME)";
				SWIFT_EMIT_LOC_STRINGS = YES;
				SWIFT_VERSION = 5.0;
			};
			name = Release;
		};
		49FF86532D9CA81700BDBA45 /* Debug */ = {
			isa = XCBuildConfiguration;
			buildSettings = {
				CODE_SIGN_STYLE = Automatic;
				DEVELOPMENT_TEAM = VR7RV46LA2;
				PRODUCT_NAME = "$(TARGET_NAME)";
				SWIFT_VERSION = 5.0;
			};
			name = Debug;
		};
		49FF86542D9CA81700BDBA45 /* Release */ = {
			isa = XCBuildConfiguration;
			buildSettings = {
				CODE_SIGN_STYLE = Automatic;
				DEVELOPMENT_TEAM = VR7RV46LA2;
				PRODUCT_NAME = "$(TARGET_NAME)";
				SWIFT_VERSION = 5.0;
			};
			name = Release;
		};
/* End XCBuildConfiguration section */

/* Begin XCConfigurationList section */
		4934F71A2D94E6DB00E4DE9D /* Build configuration list for PBXProject "Unity Menu" */ = {
			isa = XCConfigurationList;
			buildConfigurations = (
				4934F72C2D94E6DD00E4DE9D /* Debug */,
				4934F72D2D94E6DD00E4DE9D /* Release */,
			);
			defaultConfigurationIsVisible = 0;
			defaultConfigurationName = Release;
		};
		4934F72E2D94E6DD00E4DE9D /* Build configuration list for PBXNativeTarget "Unity Menu" */ = {
			isa = XCConfigurationList;
			buildConfigurations = (
				4934F72F2D94E6DD00E4DE9D /* Debug */,
				4934F7302D94E6DD00E4DE9D /* Release */,
			);
			defaultConfigurationIsVisible = 0;
			defaultConfigurationName = Release;
		};
		49FF86552D9CA81700BDBA45 /* Build configuration list for PBXNativeTarget "unity-menu" */ = {
			isa = XCConfigurationList;
			buildConfigurations = (
				49FF86532D9CA81700BDBA45 /* Debug */,
				49FF86542D9CA81700BDBA45 /* Release */,
			);
			defaultConfigurationIsVisible = 0;
			defaultConfigurationName = Release;
		};
/* End XCConfigurationList section */

/* Begin XCRemoteSwiftPackageReference section */
		495FBE7A2DDAE14B00B16D6B /* XCRemoteSwiftPackageReference "KeyboardShortcuts" */ = {
			isa = XCRemoteSwiftPackageReference;
			repositoryURL = "https://github.com/sindresorhus/KeyboardShortcuts";
			requirement = {
				kind = upToNextMajorVersion;
				minimumVersion = 2.3.0;
			};
		};
		49FF865A2D9CAFBD00BDBA45 /* XCRemoteSwiftPackageReference "swift-argument-parser" */ = {
			isa = XCRemoteSwiftPackageReference;
			repositoryURL = "https://github.com/apple/swift-argument-parser.git";
			requirement = {
				kind = upToNextMajorVersion;
				minimumVersion = 1.5.0;
			};
		};
/* End XCRemoteSwiftPackageReference section */

/* Begin XCSwiftPackageProductDependency section */
		495FBE7B2DDAE14B00B16D6B /* KeyboardShortcuts */ = {
			isa = XCSwiftPackageProductDependency;
			package = 495FBE7A2DDAE14B00B16D6B /* XCRemoteSwiftPackageReference "KeyboardShortcuts" */;
			productName = KeyboardShortcuts;
		};
		49FF865B2D9CAFBD00BDBA45 /* ArgumentParser */ = {
			isa = XCSwiftPackageProductDependency;
			package = 49FF865A2D9CAFBD00BDBA45 /* XCRemoteSwiftPackageReference "swift-argument-parser" */;
			productName = ArgumentParser;
		};
/* End XCSwiftPackageProductDependency section */
	};
	rootObject = 4934F7172D94E6DB00E4DE9D /* Project object */;
}
